// !$*UTF8*$!
{
	archiveVersion = 1;
	classes = {
	};
	objectVersion = 48;
	objects = {

/* Begin PBXBuildFile section */
		693C2A4B235EFD15003C8692 /* AppDelegate.swift in Sources */ = {isa = PBXBuildFile; fileRef = 693C2A4A235EFD15003C8692 /* AppDelegate.swift */; };
		693C2A4D235EFD15003C8692 /* ViewController.swift in Sources */ = {isa = PBXBuildFile; fileRef = 693C2A4C235EFD15003C8692 /* ViewController.swift */; };
		693C2A50235EFD15003C8692 /* Main.storyboard in Resources */ = {isa = PBXBuildFile; fileRef = 693C2A4E235EFD15003C8692 /* Main.storyboard */; };
		693C2A52235EFD15003C8692 /* Assets.xcassets in Resources */ = {isa = PBXBuildFile; fileRef = 693C2A51235EFD15003C8692 /* Assets.xcassets */; };
		693C2A55235EFD15003C8692 /* LaunchScreen.storyboard in Resources */ = {isa = PBXBuildFile; fileRef = 693C2A53235EFD15003C8692 /* LaunchScreen.storyboard */; };
		6956AA94235F132700A8B727 /* GoogleService-Info.plist in Resources */ = {isa = PBXBuildFile; fileRef = 6956AA93235F132200A8B727 /* GoogleService-Info.plist */; };
		6956AA96235F15EE00A8B727 /* InputVC.swift in Sources */ = {isa = PBXBuildFile; fileRef = 6956AA95235F15EE00A8B727 /* InputVC.swift */; };
		6956AA98235F200700A8B727 /* DatabaseService.swift in Sources */ = {isa = PBXBuildFile; fileRef = 6956AA97235F200700A8B727 /* DatabaseService.swift */; };
		E4EBD92102C7AD023B01A197 /* Pods_hallah.framework in Frameworks */ = {isa = PBXBuildFile; fileRef = 89E026A1EF9BCA821C10D1A0 /* Pods_hallah.framework */; };
/* End PBXBuildFile section */

/* Begin PBXFileReference section */
		209A936B6FAA90498A5DF8C4 /* Pods-hallah.debug.xcconfig */ = {isa = PBXFileReference; includeInIndex = 1; lastKnownFileType = text.xcconfig; name = "Pods-hallah.debug.xcconfig"; path = "Target Support Files/Pods-hallah/Pods-hallah.debug.xcconfig"; sourceTree = "<group>"; };
		693C2A47235EFD14003C8692 /* hallah.app */ = {isa = PBXFileReference; explicitFileType = wrapper.application; includeInIndex = 0; path = hallah.app; sourceTree = BUILT_PRODUCTS_DIR; };
		693C2A4A235EFD15003C8692 /* AppDelegate.swift */ = {isa = PBXFileReference; lastKnownFileType = sourcecode.swift; path = AppDelegate.swift; sourceTree = "<group>"; };
		693C2A4C235EFD15003C8692 /* ViewController.swift */ = {isa = PBXFileReference; lastKnownFileType = sourcecode.swift; path = ViewController.swift; sourceTree = "<group>"; };
		693C2A4F235EFD15003C8692 /* Base */ = {isa = PBXFileReference; lastKnownFileType = file.storyboard; name = Base; path = Base.lproj/Main.storyboard; sourceTree = "<group>"; };
		693C2A51235EFD15003C8692 /* Assets.xcassets */ = {isa = PBXFileReference; lastKnownFileType = folder.assetcatalog; path = Assets.xcassets; sourceTree = "<group>"; };
		693C2A54235EFD15003C8692 /* Base */ = {isa = PBXFileReference; lastKnownFileType = file.storyboard; name = Base; path = Base.lproj/LaunchScreen.storyboard; sourceTree = "<group>"; };
		693C2A56235EFD15003C8692 /* Info.plist */ = {isa = PBXFileReference; lastKnownFileType = text.plist.xml; path = Info.plist; sourceTree = "<group>"; };
		6956AA93235F132200A8B727 /* GoogleService-Info.plist */ = {isa = PBXFileReference; lastKnownFileType = text.plist.xml; path = "GoogleService-Info.plist"; sourceTree = "<group>"; };
		6956AA95235F15EE00A8B727 /* InputVC.swift */ = {isa = PBXFileReference; lastKnownFileType = sourcecode.swift; path = InputVC.swift; sourceTree = "<group>"; };
		6956AA97235F200700A8B727 /* DatabaseService.swift */ = {isa = PBXFileReference; lastKnownFileType = sourcecode.swift; path = DatabaseService.swift; sourceTree = "<group>"; };
		89E026A1EF9BCA821C10D1A0 /* Pods_hallah.framework */ = {isa = PBXFileReference; explicitFileType = wrapper.framework; includeInIndex = 0; path = Pods_hallah.framework; sourceTree = BUILT_PRODUCTS_DIR; };
		C9E474D6CEC37396DBE90157 /* Pods-hallah.release.xcconfig */ = {isa = PBXFileReference; includeInIndex = 1; lastKnownFileType = text.xcconfig; name = "Pods-hallah.release.xcconfig"; path = "Target Support Files/Pods-hallah/Pods-hallah.release.xcconfig"; sourceTree = "<group>"; };
/* End PBXFileReference section */

/* Begin PBXFrameworksBuildPhase section */
		693C2A44235EFD14003C8692 /* Frameworks */ = {
			isa = PBXFrameworksBuildPhase;
			buildActionMask = 2147483647;
			files = (
				E4EBD92102C7AD023B01A197 /* Pods_hallah.framework in Frameworks */,
			);
			runOnlyForDeploymentPostprocessing = 0;
		};
/* End PBXFrameworksBuildPhase section */

/* Begin PBXGroup section */
		693C2A3E235EFD14003C8692 = {
			isa = PBXGroup;
			children = (
				693C2A49235EFD15003C8692 /* hallah */,
				693C2A48235EFD14003C8692 /* Products */,
				E513E00F757C71D5E5A90071 /* Pods */,
				71B6C0DA687C66A4C1BB4D75 /* Frameworks */,
			);
			sourceTree = "<group>";
		};
		693C2A48235EFD14003C8692 /* Products */ = {
			isa = PBXGroup;
			children = (
				693C2A47235EFD14003C8692 /* hallah.app */,
			);
			name = Products;
			sourceTree = "<group>";
		};
		693C2A49235EFD15003C8692 /* hallah */ = {
			isa = PBXGroup;
			children = (
				6956AA93235F132200A8B727 /* GoogleService-Info.plist */,
				693C2A4A235EFD15003C8692 /* AppDelegate.swift */,
				693C2A4C235EFD15003C8692 /* ViewController.swift */,
				693C2A4E235EFD15003C8692 /* Main.storyboard */,
				693C2A51235EFD15003C8692 /* Assets.xcassets */,
				693C2A53235EFD15003C8692 /* LaunchScreen.storyboard */,
				693C2A56235EFD15003C8692 /* Info.plist */,
				6956AA95235F15EE00A8B727 /* InputVC.swift */,
				6956AA97235F200700A8B727 /* DatabaseService.swift */,
			);
			path = hallah;
			sourceTree = "<group>";
		};
		71B6C0DA687C66A4C1BB4D75 /* Frameworks */ = {
			isa = PBXGroup;
			children = (
				89E026A1EF9BCA821C10D1A0 /* Pods_hallah.framework */,
			);
			name = Frameworks;
			sourceTree = "<group>";
		};
		E513E00F757C71D5E5A90071 /* Pods */ = {
			isa = PBXGroup;
			children = (
				209A936B6FAA90498A5DF8C4 /* Pods-hallah.debug.xcconfig */,
				C9E474D6CEC37396DBE90157 /* Pods-hallah.release.xcconfig */,
			);
			path = Pods;
			sourceTree = "<group>";
		};
/* End PBXGroup section */

/* Begin PBXNativeTarget section */
		693C2A46235EFD14003C8692 /* hallah */ = {
			isa = PBXNativeTarget;
			buildConfigurationList = 693C2A59235EFD15003C8692 /* Build configuration list for PBXNativeTarget "hallah" */;
			buildPhases = (
				703CF14FDEF981C58BFD0792 /* [CP] Check Pods Manifest.lock */,
				693C2A43235EFD14003C8692 /* Sources */,
				693C2A44235EFD14003C8692 /* Frameworks */,
				693C2A45235EFD14003C8692 /* Resources */,
				36399F446F50B9092D9542B5 /* [CP] Embed Pods Frameworks */,
			);
			buildRules = (
			);
			dependencies = (
			);
			name = hallah;
			productName = hallah;
			productReference = 693C2A47235EFD14003C8692 /* hallah.app */;
			productType = "com.apple.product-type.application";
		};
/* End PBXNativeTarget section */

/* Begin PBXProject section */
		693C2A3F235EFD14003C8692 /* Project object */ = {
			isa = PBXProject;
			attributes = {
				LastSwiftUpdateCheck = 0900;
				LastUpgradeCheck = 0900;
				ORGANIZATIONNAME = Sarmady;
				TargetAttributes = {
					693C2A46235EFD14003C8692 = {
						CreatedOnToolsVersion = 9.0;
						ProvisioningStyle = Automatic;
					};
				};
			};
			buildConfigurationList = 693C2A42235EFD14003C8692 /* Build configuration list for PBXProject "hallah" */;
			compatibilityVersion = "Xcode 8.0";
			developmentRegion = en;
			hasScannedForEncodings = 0;
			knownRegions = (
				en,
				Base,
			);
			mainGroup = 693C2A3E235EFD14003C8692;
			productRefGroup = 693C2A48235EFD14003C8692 /* Products */;
			projectDirPath = "";
			projectRoot = "";
			targets = (
				693C2A46235EFD14003C8692 /* hallah */,
			);
		};
/* End PBXProject section */

/* Begin PBXResourcesBuildPhase section */
		693C2A45235EFD14003C8692 /* Resources */ = {
			isa = PBXResourcesBuildPhase;
			buildActionMask = 2147483647;
			files = (
				693C2A55235EFD15003C8692 /* LaunchScreen.storyboard in Resources */,
				6956AA94235F132700A8B727 /* GoogleService-Info.plist in Resources */,
				693C2A52235EFD15003C8692 /* Assets.xcassets in Resources */,
				693C2A50235EFD15003C8692 /* Main.storyboard in Resources */,
			);
			runOnlyForDeploymentPostprocessing = 0;
		};
/* End PBXResourcesBuildPhase section */

/* Begin PBXShellScriptBuildPhase section */
		36399F446F50B9092D9542B5 /* [CP] Embed Pods Frameworks */ = {
			isa = PBXShellScriptBuildPhase;
			buildActionMask = 2147483647;
			files = (
			);
			inputPaths = (
				"${PODS_ROOT}/Target Support Files/Pods-hallah/Pods-hallah-frameworks.sh",
				"${BUILT_PRODUCTS_DIR}/GTMSessionFetcher/GTMSessionFetcher.framework",
				"${BUILT_PRODUCTS_DIR}/GoogleToolboxForMac/GoogleToolboxForMac.framework",
			);
			name = "[CP] Embed Pods Frameworks";
			outputPaths = (
				"${TARGET_BUILD_DIR}/${FRAMEWORKS_FOLDER_PATH}/GTMSessionFetcher.framework",
				"${TARGET_BUILD_DIR}/${FRAMEWORKS_FOLDER_PATH}/GoogleToolboxForMac.framework",
			);
			runOnlyForDeploymentPostprocessing = 0;
			shellPath = /bin/sh;
			shellScript = "\"${PODS_ROOT}/Target Support Files/Pods-hallah/Pods-hallah-frameworks.sh\"\n";
			showEnvVarsInLog = 0;
		};
		703CF14FDEF981C58BFD0792 /* [CP] Check Pods Manifest.lock */ = {
			isa = PBXShellScriptBuildPhase;
			buildActionMask = 2147483647;
			files = (
			);
			inputPaths = (
				"${PODS_PODFILE_DIR_PATH}/Podfile.lock",
				"${PODS_ROOT}/Manifest.lock",
			);
			name = "[CP] Check Pods Manifest.lock";
			outputPaths = (
				"$(DERIVED_FILE_DIR)/Pods-hallah-checkManifestLockResult.txt",
			);
			runOnlyForDeploymentPostprocessing = 0;
			shellPath = /bin/sh;
			shellScript = "diff \"${PODS_PODFILE_DIR_PATH}/Podfile.lock\" \"${PODS_ROOT}/Manifest.lock\" > /dev/null\nif [ $? != 0 ] ; then\n    # print error to STDERR\n    echo \"error: The sandbox is not in sync with the Podfile.lock. Run 'pod install' or update your CocoaPods installation.\" >&2\n    exit 1\nfi\n# This output is used by Xcode 'outputs' to avoid re-running this script phase.\necho \"SUCCESS\" > \"${SCRIPT_OUTPUT_FILE_0}\"\n";
			showEnvVarsInLog = 0;
		};
/* End PBXShellScriptBuildPhase section */

/* Begin PBXSourcesBuildPhase section */
		693C2A43235EFD14003C8692 /* Sources */ = {
			isa = PBXSourcesBuildPhase;
			buildActionMask = 2147483647;
			files = (
				693C2A4D235EFD15003C8692 /* ViewController.swift in Sources */,
				693C2A4B235EFD15003C8692 /* AppDelegate.swift in Sources */,
				6956AA98235F200700A8B727 /* DatabaseService.swift in Sources */,
				6956AA96235F15EE00A8B727 /* InputVC.swift in Sources */,
			);
			runOnlyForDeploymentPostprocessing = 0;
		};
/* End PBXSourcesBuildPhase section */

/* Begin PBXVariantGroup section */
		693C2A4E235EFD15003C8692 /* Main.storyboard */ = {
			isa = PBXVariantGroup;
			children = (
				693C2A4F235EFD15003C8692 /* Base */,
			);
			name = Main.storyboard;
			sourceTree = "<group>";
		};
		693C2A53235EFD15003C8692 /* LaunchScreen.storyboard */ = {
			isa = PBXVariantGroup;
			children = (
				693C2A54235EFD15003C8692 /* Base */,
			);
			name = LaunchScreen.storyboard;
			sourceTree = "<group>";
		};
/* End PBXVariantGroup section */

/* Begin XCBuildConfiguration section */
		693C2A57235EFD15003C8692 /* Debug */ = {
			isa = XCBuildConfiguration;
			buildSettings = {
				ALWAYS_SEARCH_USER_PATHS = NO;
				CLANG_ANALYZER_NONNULL = YES;
				CLANG_ANALYZER_NUMBER_OBJECT_CONVERSION = YES_AGGRESSIVE;
				CLANG_CXX_LANGUAGE_STANDARD = "gnu++14";
				CLANG_CXX_LIBRARY = "libc++";
				CLANG_ENABLE_MODULES = YES;
				CLANG_ENABLE_OBJC_ARC = YES;
				CLANG_WARN_BLOCK_CAPTURE_AUTORELEASING = YES;
				CLANG_WARN_BOOL_CONVERSION = YES;
				CLANG_WARN_COMMA = YES;
				CLANG_WARN_CONSTANT_CONVERSION = YES;
				CLANG_WARN_DIRECT_OBJC_ISA_USAGE = YES_ERROR;
				CLANG_WARN_DOCUMENTATION_COMMENTS = YES;
				CLANG_WARN_EMPTY_BODY = YES;
				CLANG_WARN_ENUM_CONVERSION = YES;
				CLANG_WARN_INFINITE_RECURSION = YES;
				CLANG_WARN_INT_CONVERSION = YES;
				CLANG_WARN_NON_LITERAL_NULL_CONVERSION = YES;
				CLANG_WARN_OBJC_LITERAL_CONVERSION = YES;
				CLANG_WARN_OBJC_ROOT_CLASS = YES_ERROR;
				CLANG_WARN_RANGE_LOOP_ANALYSIS = YES;
				CLANG_WARN_STRICT_PROTOTYPES = YES;
				CLANG_WARN_SUSPICIOUS_MOVE = YES;
				CLANG_WARN_UNGUARDED_AVAILABILITY = YES_AGGRESSIVE;
				CLANG_WARN_UNREACHABLE_CODE = YES;
				CLANG_WARN__DUPLICATE_METHOD_MATCH = YES;
				CODE_SIGN_IDENTITY = "iPhone Developer";
				COPY_PHASE_STRIP = NO;
				DEBUG_INFORMATION_FORMAT = dwarf;
				ENABLE_STRICT_OBJC_MSGSEND = YES;
				ENABLE_TESTABILITY = YES;
				GCC_C_LANGUAGE_STANDARD = gnu11;
				GCC_DYNAMIC_NO_PIC = NO;
				GCC_NO_COMMON_BLOCKS = YES;
				GCC_OPTIMIZATION_LEVEL = 0;
				GCC_PREPROCESSOR_DEFINITIONS = (
					"DEBUG=1",
					"$(inherited)",
				);
				GCC_WARN_64_TO_32_BIT_CONVERSION = YES;
				GCC_WARN_ABOUT_RETURN_TYPE = YES_ERROR;
				GCC_WARN_UNDECLARED_SELECTOR = YES;
				GCC_WARN_UNINITIALIZED_AUTOS = YES_AGGRESSIVE;
				GCC_WARN_UNUSED_FUNCTION = YES;
				GCC_WARN_UNUSED_VARIABLE = YES;
				IPHONEOS_DEPLOYMENT_TARGET = 11.0;
				MTL_ENABLE_DEBUG_INFO = YES;
				ONLY_ACTIVE_ARCH = YES;
				SDKROOT = iphoneos;
				SWIFT_ACTIVE_COMPILATION_CONDITIONS = DEBUG;
				SWIFT_OPTIMIZATION_LEVEL = "-Onone";
			};
			name = Debug;
		};
		693C2A58235EFD15003C8692 /* Release */ = {
			isa = XCBuildConfiguration;
			buildSettings = {
				ALWAYS_SEARCH_USER_PATHS = NO;
				CLANG_ANALYZER_NONNULL = YES;
				CLANG_ANALYZER_NUMBER_OBJECT_CONVERSION = YES_AGGRESSIVE;
				CLANG_CXX_LANGUAGE_STANDARD = "gnu++14";
				CLANG_CXX_LIBRARY = "libc++";
				CLANG_ENABLE_MODULES = YES;
				CLANG_ENABLE_OBJC_ARC = YES;
				CLANG_WARN_BLOCK_CAPTURE_AUTORELEASING = YES;
				CLANG_WARN_BOOL_CONVERSION = YES;
				CLANG_WARN_COMMA = YES;
				CLANG_WARN_CONSTANT_CONVERSION = YES;
				CLANG_WARN_DIRECT_OBJC_ISA_USAGE = YES_ERROR;
				CLANG_WARN_DOCUMENTATION_COMMENTS = YES;
				CLANG_WARN_EMPTY_BODY = YES;
				CLANG_WARN_ENUM_CONVERSION = YES;
				CLANG_WARN_INFINITE_RECURSION = YES;
				CLANG_WARN_INT_CONVERSION = YES;
				CLANG_WARN_NON_LITERAL_NULL_CONVERSION = YES;
				CLANG_WARN_OBJC_LITERAL_CONVERSION = YES;
				CLANG_WARN_OBJC_ROOT_CLASS = YES_ERROR;
				CLANG_WARN_RANGE_LOOP_ANALYSIS = YES;
				CLANG_WARN_STRICT_PROTOTYPES = YES;
				CLANG_WARN_SUSPICIOUS_MOVE = YES;
				CLANG_WARN_UNGUARDED_AVAILABILITY = YES_AGGRESSIVE;
				CLANG_WARN_UNREACHABLE_CODE = YES;
				CLANG_WARN__DUPLICATE_METHOD_MATCH = YES;
				CODE_SIGN_IDENTITY = "iPhone Developer";
				COPY_PHASE_STRIP = NO;
				DEBUG_INFORMATION_FORMAT = "dwarf-with-dsym";
				ENABLE_NS_ASSERTIONS = NO;
				ENABLE_STRICT_OBJC_MSGSEND = YES;
				GCC_C_LANGUAGE_STANDARD = gnu11;
				GCC_NO_COMMON_BLOCKS = YES;
				GCC_WARN_64_TO_32_BIT_CONVERSION = YES;
				GCC_WARN_ABOUT_RETURN_TYPE = YES_ERROR;
				GCC_WARN_UNDECLARED_SELECTOR = YES;
				GCC_WARN_UNINITIALIZED_AUTOS = YES_AGGRESSIVE;
				GCC_WARN_UNUSED_FUNCTION = YES;
				GCC_WARN_UNUSED_VARIABLE = YES;
				IPHONEOS_DEPLOYMENT_TARGET = 11.0;
				MTL_ENABLE_DEBUG_INFO = NO;
				SDKROOT = iphoneos;
				SWIFT_OPTIMIZATION_LEVEL = "-Owholemodule";
				VALIDATE_PRODUCT = YES;
			};
			name = Release;
		};
		693C2A5A235EFD15003C8692 /* Debug */ = {
			isa = XCBuildConfiguration;
			baseConfigurationReference = 209A936B6FAA90498A5DF8C4 /* Pods-hallah.debug.xcconfig */;
			buildSettings = {
				ASSETCATALOG_COMPILER_APPICON_NAME = AppIcon;
				CODE_SIGN_STYLE = Automatic;
				DEVELOPMENT_TEAM = 7H9L7MTT7T;
				INFOPLIST_FILE = hallah/Info.plist;
				LD_RUNPATH_SEARCH_PATHS = "$(inherited) @executable_path/Frameworks";
				PRODUCT_BUNDLE_IDENTIFIER = com.sarmady.hallah;
				PRODUCT_NAME = "$(TARGET_NAME)";
				SWIFT_VERSION = 4.0;
				TARGETED_DEVICE_FAMILY = "1,2";
			};
			name = Debug;
		};
		693C2A5B235EFD15003C8692 /* Release */ = {
			isa = XCBuildConfiguration;
			baseConfigurationReference = C9E474D6CEC37396DBE90157 /* Pods-hallah.release.xcconfig */;
			buildSettings = {
				ASSETCATALOG_COMPILER_APPICON_NAME = AppIcon;
				CODE_SIGN_STYLE = Automatic;
				DEVELOPMENT_TEAM = 7H9L7MTT7T;
				INFOPLIST_FILE = hallah/Info.plist;
				LD_RUNPATH_SEARCH_PATHS = "$(inherited) @executable_path/Frameworks";
				PRODUCT_BUNDLE_IDENTIFIER = com.sarmady.hallah;
				PRODUCT_NAME = "$(TARGET_NAME)";
				SWIFT_VERSION = 4.0;
				TARGETED_DEVICE_FAMILY = "1,2";
			};
			name = Release;
		};
/* End XCBuildConfiguration section */

/* Begin XCConfigurationList section */
		693C2A42235EFD14003C8692 /* Build configuration list for PBXProject "hallah" */ = {
			isa = XCConfigurationList;
			buildConfigurations = (
				693C2A57235EFD15003C8692 /* Debug */,
				693C2A58235EFD15003C8692 /* Release */,
			);
			defaultConfigurationIsVisible = 0;
			defaultConfigurationName = Release;
		};
		693C2A59235EFD15003C8692 /* Build configuration list for PBXNativeTarget "hallah" */ = {
			isa = XCConfigurationList;
			buildConfigurations = (
				693C2A5A235EFD15003C8692 /* Debug */,
				693C2A5B235EFD15003C8692 /* Release */,
			);
			defaultConfigurationIsVisible = 0;
			defaultConfigurationName = Release;
		};
/* End XCConfigurationList section */
	};
	rootObject = 693C2A3F235EFD14003C8692 /* Project object */;
}
